
Microsoft Visual Studio Solution File, Format Version 12.00
# Visual Studio 15
VisualStudioVersion = 15.0.27130.2020
MinimumVisualStudioVersion = 10.0.40219.1
Project("{888888A0-9F3D-457C-B088-3A5042F75D52}") = "swimming-pi", "swimming-pi\swimming-pi.pyproj", "{FFCBAA76-F6AA-4957-B4CC-19C8F6B345AA}"
EndProject
Project("{9A19103F-16F7-4668-BE54-9A1E7A4F7556}") = "swimming-pi-web", "swimming-pi-web\swimming-pi-web.csproj", "{7DCD36D9-B458-4E06-9312-4B7FCD34B820}"
EndProject
Project("{FAE04EC0-301F-11D3-BF4B-00C04F79EFBC}") = "ColorGradients", "ColorGradients\ColorGradients.csproj", "{E4F55FA3-2F24-4C1A-86D1-7E690B9BD3BF}"
EndProject
Global
	GlobalSection(SolutionConfigurationPlatforms) = preSolution
		Debug|Any CPU = Debug|Any CPU
		Release|Any CPU = Release|Any CPU
	EndGlobalSection
	GlobalSection(ProjectConfigurationPlatforms) = postSolution
		{FFCBAA76-F6AA-4957-B4CC-19C8F6B345AA}.Debug|Any CPU.ActiveCfg = Debug|Any CPU
		{FFCBAA76-F6AA-4957-B4CC-19C8F6B345AA}.Release|Any CPU.ActiveCfg = Release|Any CPU
		{7DCD36D9-B458-4E06-9312-4B7FCD34B820}.Debug|Any CPU.ActiveCfg = Debug|Any CPU
		{7DCD36D9-B458-4E06-9312-4B7FCD34B820}.Debug|Any CPU.Build.0 = Debug|Any CPU
		{7DCD36D9-B458-4E06-9312-4B7FCD34B820}.Release|Any CPU.ActiveCfg = Release|Any CPU
		{7DCD36D9-B458-4E06-9312-4B7FCD34B820}.Release|Any CPU.Build.0 = Release|Any CPU
		{E4F55FA3-2F24-4C1A-86D1-7E690B9BD3BF}.Debug|Any CPU.ActiveCfg = Debug|Any CPU
		{E4F55FA3-2F24-4C1A-86D1-7E690B9BD3BF}.Debug|Any CPU.Build.0 = Debug|Any CPU
		{E4F55FA3-2F24-4C1A-86D1-7E690B9BD3BF}.Release|Any CPU.ActiveCfg = Release|Any CPU
		{E4F55FA3-2F24-4C1A-86D1-7E690B9BD3BF}.Release|Any CPU.Build.0 = Release|Any CPU
	EndGlobalSection
	GlobalSection(SolutionProperties) = preSolution
		HideSolutionNode = FALSE
	EndGlobalSection
	GlobalSection(ExtensibilityGlobals) = postSolution
		SolutionGuid = {2D2BC73C-7660-44CF-B90E-C36B8BD89921}
	EndGlobalSection
EndGlobal
